# THIS IS AN AUTOGENERATED FILE. DO NOT EDIT THIS FILE DIRECTLY.
# yarn lockfile v1


"@harmony-react/abstract-connector@^6.1.8-alpha.2":
  version "6.1.8-alpha.2"
  resolved "https://registry.yarnpkg.com/@harmony-react/abstract-connector/-/abstract-connector-6.1.8-alpha.2.tgz#47f79a63af9d2ddb2a20ec8fa24dbebb8e531a17"
  integrity sha512-QpS2DfjQ4+eLaNqz3P2dBV5LatwYbN4uGcXzESq16UJALa0Lg1UN3cc9SGYGzcR0fsHbrSqS80YnIKZd6i9PCA==
  dependencies:
    "@harmony-react/types" "^6.1.8-alpha.2"

"@harmony-react/types@^6.1.8-alpha.2":
  version "6.1.8-alpha.2"
  resolved "https://registry.yarnpkg.com/@harmony-react/types/-/types-6.1.8-alpha.2.tgz#3a92d90eeac6aa1eab3c7ab18e004038dd06a864"
  integrity sha512-UAzVvH4Ywa9XQLsUBarj1vWZ+eB5QMCxy9kWZvFwdudGj2DJ5MkS8U9zNr6+HDPDA3h9xTeDpzq6jyjwKJg5CA==

tiny-warning@^1.0.3:
  version "1.0.3"
  resolved "https://registry.yarnpkg.com/tiny-warning/-/tiny-warning-1.0.3.tgz#94a30db453df4c643d0fd566060d60a875d84754"
  integrity sha512-lBN9zLN/oAf68o3zNXYrdCt1kP8WsiGW8Oo2ka41b2IM5JL/S1CTyX1rW0mb/zSuJun0ZUrDxx4sqvYS2FWzPA==
